
Microsoft Visual Studio Solution File, Format Version 12.00
# Visual Studio Version 16
VisualStudioVersion = 16.0.28729.10
MinimumVisualStudioVersion = 10.0.40219.1
Project("{9A19103F-16F7-4668-BE54-9A1E7A4F7556}") = "POCOMapper", "POCOMapper\POCOMapper.csproj", "{D7BE9198-5CB6-4521-AC86-D49B2D0716C5}"
EndProject
Project("{9A19103F-16F7-4668-BE54-9A1E7A4F7556}") = "POCOMapper.Test", "POCOMapper.Test\POCOMapper.Test.csproj", "{6DF33FFE-FF6C-4A5B-A469-DE6492C9AFB0}"
EndProject
Project("{2150E333-8FDC-42A3-9474-1A3956D46DE8}") = "Solution Items", "Solution Items", "{EEC659D2-D586-4CFA-B151-359892FEF48E}"
	ProjectSection(SolutionItems) = preProject
		LICENSE.md = LICENSE.md
		Readme.md = Readme.md
	EndProjectSection
EndProject
Global
	GlobalSection(SolutionConfigurationPlatforms) = preSolution
		Debug|Any CPU = Debug|Any CPU
		Release|Any CPU = Release|Any CPU
	EndGlobalSection
	GlobalSection(ProjectConfigurationPlatforms) = postSolution
		{D7BE9198-5CB6-4521-AC86-D49B2D0716C5}.Debug|Any CPU.ActiveCfg = Debug|Any CPU
		{D7BE9198-5CB6-4521-AC86-D49B2D0716C5}.Debug|Any CPU.Build.0 = Debug|Any CPU
		{D7BE9198-5CB6-4521-AC86-D49B2D0716C5}.Release|Any CPU.ActiveCfg = Release|Any CPU
		{D7BE9198-5CB6-4521-AC86-D49B2D0716C5}.Release|Any CPU.Build.0 = Release|Any CPU
		{6DF33FFE-FF6C-4A5B-A469-DE6492C9AFB0}.Debug|Any CPU.ActiveCfg = Debug|Any CPU
		{6DF33FFE-FF6C-4A5B-A469-DE6492C9AFB0}.Debug|Any CPU.Build.0 = Debug|Any CPU
		{6DF33FFE-FF6C-4A5B-A469-DE6492C9AFB0}.Release|Any CPU.ActiveCfg = Release|Any CPU
		{6DF33FFE-FF6C-4A5B-A469-DE6492C9AFB0}.Release|Any CPU.Build.0 = Release|Any CPU
	EndGlobalSection
	GlobalSection(SolutionProperties) = preSolution
		HideSolutionNode = FALSE
	EndGlobalSection
	GlobalSection(ExtensibilityGlobals) = postSolution
		SolutionGuid = {7CB86C8A-97AD-4C1D-A1AE-DCE18E052C5C}
	EndGlobalSection
EndGlobal
